
Microsoft Visual Studio Solution File, Format Version 12.00
# Visual Studio Version 17
VisualStudioVersion = 17.6.33829.357
MinimumVisualStudioVersion = 10.0.40219.1
Project("{2150E333-8FDC-42A3-9474-1A3956D46DE8}") = "Domain", "Domain", "{98CBC1C0-294D-413D-99B1-76D2F396D303}"
EndProject
Project("{9A19103F-16F7-4668-BE54-9A1E7A4F7556}") = "Domain", "Domain\Domain.csproj", "{7B75C567-DC9B-40EC-8AEE-2791A85D8909}"
EndProject
Project("{2150E333-8FDC-42A3-9474-1A3956D46DE8}") = "Presenters", "Presenters", "{808E032F-DBAD-479B-8F00-FFD98E7BB085}"
EndProject
Project("{9A19103F-16F7-4668-BE54-9A1E7A4F7556}") = "CustomerAPI", "CustomerAPI\CustomerAPI.csproj", "{561EC1B8-7C86-4E95-A858-FB627E5394BE}"
EndProject
Project("{9A19103F-16F7-4668-BE54-9A1E7A4F7556}") = "AuthAPI", "AuthAPI\AuthAPI.csproj", "{ECB22205-59A9-42E2-8454-31D3EB7D5E85}"
EndProject
Project("{2150E333-8FDC-42A3-9474-1A3956D46DE8}") = "Tests", "Tests", "{9534AE81-13F5-441E-958D-4639FFAF3579}"
EndProject
Project("{2150E333-8FDC-42A3-9474-1A3956D46DE8}") = "Infrastructure", "Infrastructure", "{CF74F0F7-9A6F-4AC9-8A68-7177B610BAE2}"
EndProject
Project("{9A19103F-16F7-4668-BE54-9A1E7A4F7556}") = "Infra.CrossCutting.UoW", "Infra.CrossCutting.UoW\Infra.CrossCutting.UoW.csproj", "{F5EA8496-1D88-4D2E-B933-F06BD554DF40}"
EndProject
Project("{9A19103F-16F7-4668-BE54-9A1E7A4F7556}") = "Infra.CrossCutting.IoC", "Infra.CrossCutting.IoC\Infra.CrossCutting.IoC.csproj", "{52482760-1AD7-432E-9EDA-78B250605A93}"
EndProject
Project("{2150E333-8FDC-42A3-9474-1A3956D46DE8}") = "Application", "Application", "{6EF1D1D3-397C-4961-9837-DC6212C294ED}"
EndProject
Project("{9A19103F-16F7-4668-BE54-9A1E7A4F7556}") = "Application", "Application\Application.csproj", "{0228B538-78E2-44F6-A66B-5FDFA946355C}"
EndProject
Project("{9A19103F-16F7-4668-BE54-9A1E7A4F7556}") = "Infra.CrossCutting.Logger", "Infra.CrossCutting.Logger\Infra.CrossCutting.Logger.csproj", "{42EF4752-C462-4549-A8AA-C97FC77EDC8E}"
EndProject
Project("{9A19103F-16F7-4668-BE54-9A1E7A4F7556}") = "CustomerAPI.Tests", "CustomerAPI.Tests\CustomerAPI.Tests.csproj", "{41970354-F632-41F4-866C-E8DAD1708FFD}"
EndProject
Project("{9A19103F-16F7-4668-BE54-9A1E7A4F7556}") = "Infra.Data.SqlServer", "Infra.Data.SqlServer\Infra.Data.SqlServer.csproj", "{AAC5CDA7-6E3E-483E-8AD4-8EBDE7C5100D}"
EndProject
Project("{FAE04EC0-301F-11D3-BF4B-00C04F79EFBC}") = "AuthenticationAPI.Tests", "AuthenticationAPI.Tests\AuthenticationAPI.Tests.csproj", "{A0213169-B992-46C9-B96F-EB795016BA05}"
EndProject
Global
	GlobalSection(SolutionConfigurationPlatforms) = preSolution
		Debug|Any CPU = Debug|Any CPU
		Release|Any CPU = Release|Any CPU
	EndGlobalSection
	GlobalSection(ProjectConfigurationPlatforms) = postSolution
		{7B75C567-DC9B-40EC-8AEE-2791A85D8909}.Debug|Any CPU.ActiveCfg = Debug|Any CPU
		{7B75C567-DC9B-40EC-8AEE-2791A85D8909}.Debug|Any CPU.Build.0 = Debug|Any CPU
		{7B75C567-DC9B-40EC-8AEE-2791A85D8909}.Release|Any CPU.ActiveCfg = Release|Any CPU
		{7B75C567-DC9B-40EC-8AEE-2791A85D8909}.Release|Any CPU.Build.0 = Release|Any CPU
		{561EC1B8-7C86-4E95-A858-FB627E5394BE}.Debug|Any CPU.ActiveCfg = Debug|Any CPU
		{561EC1B8-7C86-4E95-A858-FB627E5394BE}.Debug|Any CPU.Build.0 = Debug|Any CPU
		{561EC1B8-7C86-4E95-A858-FB627E5394BE}.Release|Any CPU.ActiveCfg = Release|Any CPU
		{561EC1B8-7C86-4E95-A858-FB627E5394BE}.Release|Any CPU.Build.0 = Release|Any CPU
		{ECB22205-59A9-42E2-8454-31D3EB7D5E85}.Debug|Any CPU.ActiveCfg = Debug|Any CPU
		{ECB22205-59A9-42E2-8454-31D3EB7D5E85}.Debug|Any CPU.Build.0 = Debug|Any CPU
		{ECB22205-59A9-42E2-8454-31D3EB7D5E85}.Release|Any CPU.ActiveCfg = Release|Any CPU
		{ECB22205-59A9-42E2-8454-31D3EB7D5E85}.Release|Any CPU.Build.0 = Release|Any CPU
		{F5EA8496-1D88-4D2E-B933-F06BD554DF40}.Debug|Any CPU.ActiveCfg = Debug|Any CPU
		{F5EA8496-1D88-4D2E-B933-F06BD554DF40}.Debug|Any CPU.Build.0 = Debug|Any CPU
		{F5EA8496-1D88-4D2E-B933-F06BD554DF40}.Release|Any CPU.ActiveCfg = Release|Any CPU
		{F5EA8496-1D88-4D2E-B933-F06BD554DF40}.Release|Any CPU.Build.0 = Release|Any CPU
		{52482760-1AD7-432E-9EDA-78B250605A93}.Debug|Any CPU.ActiveCfg = Debug|Any CPU
		{52482760-1AD7-432E-9EDA-78B250605A93}.Debug|Any CPU.Build.0 = Debug|Any CPU
		{52482760-1AD7-432E-9EDA-78B250605A93}.Release|Any CPU.ActiveCfg = Release|Any CPU
		{52482760-1AD7-432E-9EDA-78B250605A93}.Release|Any CPU.Build.0 = Release|Any CPU
		{0228B538-78E2-44F6-A66B-5FDFA946355C}.Debug|Any CPU.ActiveCfg = Debug|Any CPU
		{0228B538-78E2-44F6-A66B-5FDFA946355C}.Debug|Any CPU.Build.0 = Debug|Any CPU
		{0228B538-78E2-44F6-A66B-5FDFA946355C}.Release|Any CPU.ActiveCfg = Release|Any CPU
		{0228B538-78E2-44F6-A66B-5FDFA946355C}.Release|Any CPU.Build.0 = Release|Any CPU
		{42EF4752-C462-4549-A8AA-C97FC77EDC8E}.Debug|Any CPU.ActiveCfg = Debug|Any CPU
		{42EF4752-C462-4549-A8AA-C97FC77EDC8E}.Debug|Any CPU.Build.0 = Debug|Any CPU
		{42EF4752-C462-4549-A8AA-C97FC77EDC8E}.Release|Any CPU.ActiveCfg = Release|Any CPU
		{42EF4752-C462-4549-A8AA-C97FC77EDC8E}.Release|Any CPU.Build.0 = Release|Any CPU
		{41970354-F632-41F4-866C-E8DAD1708FFD}.Debug|Any CPU.ActiveCfg = Debug|Any CPU
		{41970354-F632-41F4-866C-E8DAD1708FFD}.Debug|Any CPU.Build.0 = Debug|Any CPU
		{41970354-F632-41F4-866C-E8DAD1708FFD}.Release|Any CPU.ActiveCfg = Release|Any CPU
		{41970354-F632-41F4-866C-E8DAD1708FFD}.Release|Any CPU.Build.0 = Release|Any CPU
		{AAC5CDA7-6E3E-483E-8AD4-8EBDE7C5100D}.Debug|Any CPU.ActiveCfg = Debug|Any CPU
		{AAC5CDA7-6E3E-483E-8AD4-8EBDE7C5100D}.Debug|Any CPU.Build.0 = Debug|Any CPU
		{AAC5CDA7-6E3E-483E-8AD4-8EBDE7C5100D}.Release|Any CPU.ActiveCfg = Release|Any CPU
		{AAC5CDA7-6E3E-483E-8AD4-8EBDE7C5100D}.Release|Any CPU.Build.0 = Release|Any CPU
		{A0213169-B992-46C9-B96F-EB795016BA05}.Debug|Any CPU.ActiveCfg = Debug|Any CPU
		{A0213169-B992-46C9-B96F-EB795016BA05}.Debug|Any CPU.Build.0 = Debug|Any CPU
		{A0213169-B992-46C9-B96F-EB795016BA05}.Release|Any CPU.ActiveCfg = Release|Any CPU
		{A0213169-B992-46C9-B96F-EB795016BA05}.Release|Any CPU.Build.0 = Release|Any CPU
	EndGlobalSection
	GlobalSection(SolutionProperties) = preSolution
		HideSolutionNode = FALSE
	EndGlobalSection
	GlobalSection(NestedProjects) = preSolution
		{7B75C567-DC9B-40EC-8AEE-2791A85D8909} = {98CBC1C0-294D-413D-99B1-76D2F396D303}
		{561EC1B8-7C86-4E95-A858-FB627E5394BE} = {808E032F-DBAD-479B-8F00-FFD98E7BB085}
		{ECB22205-59A9-42E2-8454-31D3EB7D5E85} = {808E032F-DBAD-479B-8F00-FFD98E7BB085}
		{F5EA8496-1D88-4D2E-B933-F06BD554DF40} = {CF74F0F7-9A6F-4AC9-8A68-7177B610BAE2}
		{52482760-1AD7-432E-9EDA-78B250605A93} = {CF74F0F7-9A6F-4AC9-8A68-7177B610BAE2}
		{0228B538-78E2-44F6-A66B-5FDFA946355C} = {6EF1D1D3-397C-4961-9837-DC6212C294ED}
		{42EF4752-C462-4549-A8AA-C97FC77EDC8E} = {CF74F0F7-9A6F-4AC9-8A68-7177B610BAE2}
		{41970354-F632-41F4-866C-E8DAD1708FFD} = {9534AE81-13F5-441E-958D-4639FFAF3579}
		{AAC5CDA7-6E3E-483E-8AD4-8EBDE7C5100D} = {CF74F0F7-9A6F-4AC9-8A68-7177B610BAE2}
		{A0213169-B992-46C9-B96F-EB795016BA05} = {9534AE81-13F5-441E-958D-4639FFAF3579}
	EndGlobalSection
	GlobalSection(ExtensibilityGlobals) = postSolution
		SolutionGuid = {C3804C85-C96F-4288-9860-0D4D18111374}
	EndGlobalSection
EndGlobal
